
Microsoft Visual Studio Solution File, Format Version 12.00
# Visual Studio Version 16
VisualStudioVersion = 16.0.31005.135
MinimumVisualStudioVersion = 10.0.40219.1
Project("{FAE04EC0-301F-11D3-BF4B-00C04F79EFBC}") = "Transferencias-bancarias", "Transferencias-bancarias.csproj", "{5787BF22-B69A-4554-9EB2-A522A696FD56}"
EndProject
Global
	GlobalSection(SolutionConfigurationPlatforms) = preSolution
		Debug|Any CPU = Debug|Any CPU
		Release|Any CPU = Release|Any CPU
	EndGlobalSection
	GlobalSection(ProjectConfigurationPlatforms) = postSolution
		{5787BF22-B69A-4554-9EB2-A522A696FD56}.Debug|Any CPU.ActiveCfg = Debug|Any CPU
		{5787BF22-B69A-4554-9EB2-A522A696FD56}.Debug|Any CPU.Build.0 = Debug|Any CPU
		{5787BF22-B69A-4554-9EB2-A522A696FD56}.Release|Any CPU.ActiveCfg = Release|Any CPU
		{5787BF22-B69A-4554-9EB2-A522A696FD56}.Release|Any CPU.Build.0 = Release|Any CPU
	EndGlobalSection
	GlobalSection(SolutionProperties) = preSolution
		HideSolutionNode = FALSE
	EndGlobalSection
	GlobalSection(ExtensibilityGlobals) = postSolution
		SolutionGuid = {435D70AA-3919-4F38-A229-0E1CAC1FF04B}
	EndGlobalSection
EndGlobal
